
Microsoft Visual Studio Solution File, Format Version 12.00
# Visual Studio Version 17
VisualStudioVersion = 17.8.34525.116
MinimumVisualStudioVersion = 10.0.40219.1
Project("{FAE04EC0-301F-11D3-BF4B-00C04F79EFBC}") = "UocSo", "UocSo\UocSo.csproj", "{C3479330-3D80-4E9D-A66D-938EFFC56569}"
EndProject
Global
	GlobalSection(SolutionConfigurationPlatforms) = preSolution
		Debug|Any CPU = Debug|Any CPU
		Release|Any CPU = Release|Any CPU
	EndGlobalSection
	GlobalSection(ProjectConfigurationPlatforms) = postSolution
		{C3479330-3D80-4E9D-A66D-938EFFC56569}.Debug|Any CPU.ActiveCfg = Debug|Any CPU
		{C3479330-3D80-4E9D-A66D-938EFFC56569}.Debug|Any CPU.Build.0 = Debug|Any CPU
		{C3479330-3D80-4E9D-A66D-938EFFC56569}.Release|Any CPU.ActiveCfg = Release|Any CPU
		{C3479330-3D80-4E9D-A66D-938EFFC56569}.Release|Any CPU.Build.0 = Release|Any CPU
	EndGlobalSection
	GlobalSection(SolutionProperties) = preSolution
		HideSolutionNode = FALSE
	EndGlobalSection
	GlobalSection(ExtensibilityGlobals) = postSolution
		SolutionGuid = {4D5F66D1-E8DC-4ED8-AE10-909E39BD7E38}
	EndGlobalSection
EndGlobal
