
Microsoft Visual Studio Solution File, Format Version 12.00
# Visual Studio Version 17
VisualStudioVersion = 17.8.34525.116
MinimumVisualStudioVersion = 10.0.40219.1
Project("{FAE04EC0-301F-11D3-BF4B-00C04F79EFBC}") = "QuanLyKhachHang", "QuanLyKhachHang\QuanLyKhachHang.csproj", "{F2C1AF2E-C44D-4C1A-980F-4E845A9FA475}"
EndProject
Global
	GlobalSection(SolutionConfigurationPlatforms) = preSolution
		Debug|Any CPU = Debug|Any CPU
		Release|Any CPU = Release|Any CPU
	EndGlobalSection
	GlobalSection(ProjectConfigurationPlatforms) = postSolution
		{F2C1AF2E-C44D-4C1A-980F-4E845A9FA475}.Debug|Any CPU.ActiveCfg = Debug|Any CPU
		{F2C1AF2E-C44D-4C1A-980F-4E845A9FA475}.Debug|Any CPU.Build.0 = Debug|Any CPU
		{F2C1AF2E-C44D-4C1A-980F-4E845A9FA475}.Release|Any CPU.ActiveCfg = Release|Any CPU
		{F2C1AF2E-C44D-4C1A-980F-4E845A9FA475}.Release|Any CPU.Build.0 = Release|Any CPU
	EndGlobalSection
	GlobalSection(SolutionProperties) = preSolution
		HideSolutionNode = FALSE
	EndGlobalSection
	GlobalSection(ExtensibilityGlobals) = postSolution
		SolutionGuid = {F75A683E-EA9A-47E2-BE1E-DE5AA9D375D1}
	EndGlobalSection
EndGlobal
