
Microsoft Visual Studio Solution File, Format Version 12.00
# Visual Studio Version 17
VisualStudioVersion = 17.9.34714.143
MinimumVisualStudioVersion = 10.0.40219.1
Project("{FAE04EC0-301F-11D3-BF4B-00C04F79EFBC}") = "Hotel", "Hotel.csproj", "{DE5E0951-4236-4D93-8F61-C85F96FC986A}"
EndProject
Global
	GlobalSection(SolutionConfigurationPlatforms) = preSolution
		Debug|Any CPU = Debug|Any CPU
		Release|Any CPU = Release|Any CPU
	EndGlobalSection
	GlobalSection(ProjectConfigurationPlatforms) = postSolution
		{DE5E0951-4236-4D93-8F61-C85F96FC986A}.Debug|Any CPU.ActiveCfg = Debug|Any CPU
		{DE5E0951-4236-4D93-8F61-C85F96FC986A}.Debug|Any CPU.Build.0 = Debug|Any CPU
		{DE5E0951-4236-4D93-8F61-C85F96FC986A}.Release|Any CPU.ActiveCfg = Release|Any CPU
		{DE5E0951-4236-4D93-8F61-C85F96FC986A}.Release|Any CPU.Build.0 = Release|Any CPU
	EndGlobalSection
	GlobalSection(SolutionProperties) = preSolution
		HideSolutionNode = FALSE
	EndGlobalSection
	GlobalSection(ExtensibilityGlobals) = postSolution
		SolutionGuid = {D5748491-AEA6-427D-845C-D258D0CD3E1C}
	EndGlobalSection
EndGlobal
