
Microsoft Visual Studio Solution File, Format Version 12.00
# Visual Studio Version 17
VisualStudioVersion = 17.9.34714.143
MinimumVisualStudioVersion = 10.0.40219.1
Project("{FAE04EC0-301F-11D3-BF4B-00C04F79EFBC}") = "QlyBanMayTinh", "QlyBanMayTinh.csproj", "{42BFF7EC-B8B2-4CCC-9F46-B15D46D4207D}"
EndProject
Global
	GlobalSection(SolutionConfigurationPlatforms) = preSolution
		Debug|Any CPU = Debug|Any CPU
		Release|Any CPU = Release|Any CPU
	EndGlobalSection
	GlobalSection(ProjectConfigurationPlatforms) = postSolution
		{42BFF7EC-B8B2-4CCC-9F46-B15D46D4207D}.Debug|Any CPU.ActiveCfg = Debug|Any CPU
		{42BFF7EC-B8B2-4CCC-9F46-B15D46D4207D}.Debug|Any CPU.Build.0 = Debug|Any CPU
		{42BFF7EC-B8B2-4CCC-9F46-B15D46D4207D}.Release|Any CPU.ActiveCfg = Release|Any CPU
		{42BFF7EC-B8B2-4CCC-9F46-B15D46D4207D}.Release|Any CPU.Build.0 = Release|Any CPU
	EndGlobalSection
	GlobalSection(SolutionProperties) = preSolution
		HideSolutionNode = FALSE
	EndGlobalSection
	GlobalSection(ExtensibilityGlobals) = postSolution
		SolutionGuid = {1970F463-C8B6-46ED-BE89-5373146016B8}
	EndGlobalSection
EndGlobal
