
Microsoft Visual Studio Solution File, Format Version 12.00
# Visual Studio Version 17
VisualStudioVersion = 17.8.34525.116
MinimumVisualStudioVersion = 10.0.40219.1
Project("{FAE04EC0-301F-11D3-BF4B-00C04F79EFBC}") = "De9_QuanLyKhachHang", "De9_QuanLyKhachHang\De9_QuanLyKhachHang.csproj", "{2F1EBFDD-0569-4CC9-96CC-CD06BBDFC279}"
EndProject
Global
	GlobalSection(SolutionConfigurationPlatforms) = preSolution
		Debug|Any CPU = Debug|Any CPU
		Release|Any CPU = Release|Any CPU
	EndGlobalSection
	GlobalSection(ProjectConfigurationPlatforms) = postSolution
		{2F1EBFDD-0569-4CC9-96CC-CD06BBDFC279}.Debug|Any CPU.ActiveCfg = Debug|Any CPU
		{2F1EBFDD-0569-4CC9-96CC-CD06BBDFC279}.Debug|Any CPU.Build.0 = Debug|Any CPU
		{2F1EBFDD-0569-4CC9-96CC-CD06BBDFC279}.Release|Any CPU.ActiveCfg = Release|Any CPU
		{2F1EBFDD-0569-4CC9-96CC-CD06BBDFC279}.Release|Any CPU.Build.0 = Release|Any CPU
	EndGlobalSection
	GlobalSection(SolutionProperties) = preSolution
		HideSolutionNode = FALSE
	EndGlobalSection
	GlobalSection(ExtensibilityGlobals) = postSolution
		SolutionGuid = {69DEB492-6E98-4A70-9A3C-85C7A51A7AE9}
	EndGlobalSection
EndGlobal
