
Microsoft Visual Studio Solution File, Format Version 12.00
# Visual Studio Version 17
VisualStudioVersion = 17.9.34714.143
MinimumVisualStudioVersion = 10.0.40219.1
Project("{FAE04EC0-301F-11D3-BF4B-00C04F79EFBC}") = "de8", "de8.csproj", "{9A5EB878-5687-44DF-9E46-3D53CF8DDCEC}"
EndProject
Global
	GlobalSection(SolutionConfigurationPlatforms) = preSolution
		Debug|Any CPU = Debug|Any CPU
		Release|Any CPU = Release|Any CPU
	EndGlobalSection
	GlobalSection(ProjectConfigurationPlatforms) = postSolution
		{9A5EB878-5687-44DF-9E46-3D53CF8DDCEC}.Debug|Any CPU.ActiveCfg = Debug|Any CPU
		{9A5EB878-5687-44DF-9E46-3D53CF8DDCEC}.Debug|Any CPU.Build.0 = Debug|Any CPU
		{9A5EB878-5687-44DF-9E46-3D53CF8DDCEC}.Release|Any CPU.ActiveCfg = Release|Any CPU
		{9A5EB878-5687-44DF-9E46-3D53CF8DDCEC}.Release|Any CPU.Build.0 = Release|Any CPU
	EndGlobalSection
	GlobalSection(SolutionProperties) = preSolution
		HideSolutionNode = FALSE
	EndGlobalSection
	GlobalSection(ExtensibilityGlobals) = postSolution
		SolutionGuid = {018795EE-7650-4A0D-9D60-AAEE4736FD0C}
	EndGlobalSection
EndGlobal
