
Microsoft Visual Studio Solution File, Format Version 12.00
# Visual Studio Version 17
VisualStudioVersion = 17.8.34525.116
MinimumVisualStudioVersion = 10.0.40219.1
Project("{FAE04EC0-301F-11D3-BF4B-00C04F79EFBC}") = "PhepTinh", "PhepTinh\PhepTinh.csproj", "{3999E4EE-40B2-4E01-B3E2-54637D857520}"
EndProject
Global
	GlobalSection(SolutionConfigurationPlatforms) = preSolution
		Debug|Any CPU = Debug|Any CPU
		Release|Any CPU = Release|Any CPU
	EndGlobalSection
	GlobalSection(ProjectConfigurationPlatforms) = postSolution
		{3999E4EE-40B2-4E01-B3E2-54637D857520}.Debug|Any CPU.ActiveCfg = Debug|Any CPU
		{3999E4EE-40B2-4E01-B3E2-54637D857520}.Debug|Any CPU.Build.0 = Debug|Any CPU
		{3999E4EE-40B2-4E01-B3E2-54637D857520}.Release|Any CPU.ActiveCfg = Release|Any CPU
		{3999E4EE-40B2-4E01-B3E2-54637D857520}.Release|Any CPU.Build.0 = Release|Any CPU
	EndGlobalSection
	GlobalSection(SolutionProperties) = preSolution
		HideSolutionNode = FALSE
	EndGlobalSection
	GlobalSection(ExtensibilityGlobals) = postSolution
		SolutionGuid = {E6FC3977-C2B8-4984-8993-2D474C099E49}
	EndGlobalSection
EndGlobal
