
Microsoft Visual Studio Solution File, Format Version 12.00
# Visual Studio Version 17
VisualStudioVersion = 17.8.34525.116
MinimumVisualStudioVersion = 10.0.40219.1
Project("{FAE04EC0-301F-11D3-BF4B-00C04F79EFBC}") = "Program_AX+B=0", "Program_AX+B=0\Program_AX+B=0.csproj", "{5DAE4B23-6580-49FF-8D48-6B6D9F11E3EC}"
EndProject
Global
	GlobalSection(SolutionConfigurationPlatforms) = preSolution
		Debug|Any CPU = Debug|Any CPU
		Release|Any CPU = Release|Any CPU
	EndGlobalSection
	GlobalSection(ProjectConfigurationPlatforms) = postSolution
		{5DAE4B23-6580-49FF-8D48-6B6D9F11E3EC}.Debug|Any CPU.ActiveCfg = Debug|Any CPU
		{5DAE4B23-6580-49FF-8D48-6B6D9F11E3EC}.Debug|Any CPU.Build.0 = Debug|Any CPU
		{5DAE4B23-6580-49FF-8D48-6B6D9F11E3EC}.Release|Any CPU.ActiveCfg = Release|Any CPU
		{5DAE4B23-6580-49FF-8D48-6B6D9F11E3EC}.Release|Any CPU.Build.0 = Release|Any CPU
	EndGlobalSection
	GlobalSection(SolutionProperties) = preSolution
		HideSolutionNode = FALSE
	EndGlobalSection
	GlobalSection(ExtensibilityGlobals) = postSolution
		SolutionGuid = {0618A3BB-0E6B-4BEF-9A35-23403D440C4C}
	EndGlobalSection
EndGlobal
